// !$*UTF8*$!
{
	archiveVersion = 1;
	classes = {
	};
	objectVersion = 46;
	objects = {

/* Begin PBXBuildFile section */
		02961030FE382B269402AFAB /* Pods_protoTests.framework in Frameworks */ = {isa = PBXBuildFile; fileRef = 4EF825D6E4B6E499CE5BB2AA /* Pods_protoTests.framework */; };
		671308BDC904AEFD8683E1BD /* Pods_protoUITests.framework in Frameworks */ = {isa = PBXBuildFile; fileRef = E33295A5788B01958158A05B /* Pods_protoUITests.framework */; };
		6AE052C2B1BB3053885E8A20 /* Pods_proto.framework in Frameworks */ = {isa = PBXBuildFile; fileRef = A7CC4EA767C9798430C1AC02 /* Pods_proto.framework */; };
		B078B4AC1DC1206500473B87 /* AppDelegate.swift in Sources */ = {isa = PBXBuildFile; fileRef = B078B4AB1DC1206500473B87 /* AppDelegate.swift */; };
		B078B4AE1DC1206500473B87 /* ViewController.swift in Sources */ = {isa = PBXBuildFile; fileRef = B078B4AD1DC1206500473B87 /* ViewController.swift */; };
		B078B4B11DC1206500473B87 /* Main.storyboard in Resources */ = {isa = PBXBuildFile; fileRef = B078B4AF1DC1206500473B87 /* Main.storyboard */; };
		B078B4B31DC1206500473B87 /* Assets.xcassets in Resources */ = {isa = PBXBuildFile; fileRef = B078B4B21DC1206500473B87 /* Assets.xcassets */; };
		B078B4B61DC1206500473B87 /* LaunchScreen.storyboard in Resources */ = {isa = PBXBuildFile; fileRef = B078B4B41DC1206500473B87 /* LaunchScreen.storyboard */; };
		B078B4C11DC1206600473B87 /* protoTests.swift in Sources */ = {isa = PBXBuildFile; fileRef = B078B4C01DC1206600473B87 /* protoTests.swift */; };
		B078B4CC1DC1206600473B87 /* protoUITests.swift in Sources */ = {isa = PBXBuildFile; fileRef = B078B4CB1DC1206600473B87 /* protoUITests.swift */; };
		B078B4DC1DC1836300473B87 /* MKRingProgressView.swift in Sources */ = {isa = PBXBuildFile; fileRef = B078B4DB1DC1836300473B87 /* MKRingProgressView.swift */; };
		B078B4DE1DC1838700473B87 /* MKGradientGenerator.swift in Sources */ = {isa = PBXBuildFile; fileRef = B078B4DD1DC1838700473B87 /* MKGradientGenerator.swift */; };
		B078B4E11DC183E700473B87 /* MKRingProgressGroupButton.swift in Sources */ = {isa = PBXBuildFile; fileRef = B078B4E01DC183E700473B87 /* MKRingProgressGroupButton.swift */; };
		B078B4E31DC1840B00473B87 /* MKRingProgressGroupView.swift in Sources */ = {isa = PBXBuildFile; fileRef = B078B4E21DC1840B00473B87 /* MKRingProgressGroupView.swift */; };
		B078B4E51DC1844000473B87 /* MKRingProgressGroupResultsView.swift in Sources */ = {isa = PBXBuildFile; fileRef = B078B4E41DC1844000473B87 /* MKRingProgressGroupResultsView.swift */; };
		B078B4E71DC1845900473B87 /* MKRingProgressGroupVotingView.swift in Sources */ = {isa = PBXBuildFile; fileRef = B078B4E61DC1845900473B87 /* MKRingProgressGroupVotingView.swift */; };
		B078B4EA1DC185E400473B87 /* CreatePollViewController.swift in Sources */ = {isa = PBXBuildFile; fileRef = B078B4E91DC185E400473B87 /* CreatePollViewController.swift */; };
		B078B4F01DC1896300473B87 /* PollPictureCreateOptionOneViewController.swift in Sources */ = {isa = PBXBuildFile; fileRef = B078B4EF1DC1896300473B87 /* PollPictureCreateOptionOneViewController.swift */; };
		B078B4F21DC1897F00473B87 /* PollPictureCreateOptionTwoViewController.swift in Sources */ = {isa = PBXBuildFile; fileRef = B078B4F11DC1897F00473B87 /* PollPictureCreateOptionTwoViewController.swift */; };
		B078B5411DC18B1400473B87 /* CameraView.strings in Resources */ = {isa = PBXBuildFile; fileRef = B078B5261DC18B1400473B87 /* CameraView.strings */; };
		B078B5421DC18B1400473B87 /* CameraViewAssets.xcassets in Resources */ = {isa = PBXBuildFile; fileRef = B078B5271DC18B1400473B87 /* CameraViewAssets.xcassets */; };
		B078B5431DC18B1400473B87 /* CameraGlobals.swift in Sources */ = {isa = PBXBuildFile; fileRef = B078B5291DC18B1400473B87 /* CameraGlobals.swift */; };
		B078B5441DC18B1400473B87 /* CameraShot.swift in Sources */ = {isa = PBXBuildFile; fileRef = B078B52A1DC18B1400473B87 /* CameraShot.swift */; };
		B078B5451DC18B1400473B87 /* ImageFetcher.swift in Sources */ = {isa = PBXBuildFile; fileRef = B078B52B1DC18B1400473B87 /* ImageFetcher.swift */; };
		B078B5461DC18B1400473B87 /* PhotoLibraryAuthorizer.swift in Sources */ = {isa = PBXBuildFile; fileRef = B078B52C1DC18B1400473B87 /* PhotoLibraryAuthorizer.swift */; };
		B078B5471DC18B1400473B87 /* SingleImageFetcher.swift in Sources */ = {isa = PBXBuildFile; fileRef = B078B52D1DC18B1400473B87 /* SingleImageFetcher.swift */; };
		B078B5481DC18B1400473B87 /* SingleImageSaver.swift in Sources */ = {isa = PBXBuildFile; fileRef = B078B52E1DC18B1400473B87 /* SingleImageSaver.swift */; };
		B078B5491DC18B1400473B87 /* UIButtonExtensions.swift in Sources */ = {isa = PBXBuildFile; fileRef = B078B52F1DC18B1400473B87 /* UIButtonExtensions.swift */; };
		B078B54A1DC18B1400473B87 /* UIViewExtensions.swift in Sources */ = {isa = PBXBuildFile; fileRef = B078B5301DC18B1400473B87 /* UIViewExtensions.swift */; };
		B078B54B1DC18B1400473B87 /* Utilities.swift in Sources */ = {isa = PBXBuildFile; fileRef = B078B5311DC18B1400473B87 /* Utilities.swift */; };
		B078B54C1DC18B1400473B87 /* VolumeControl.swift in Sources */ = {isa = PBXBuildFile; fileRef = B078B5321DC18B1400473B87 /* VolumeControl.swift */; };
		B078B54D1DC18B1400473B87 /* CameraViewController.swift in Sources */ = {isa = PBXBuildFile; fileRef = B078B5341DC18B1400473B87 /* CameraViewController.swift */; };
		B078B54E1DC18B1400473B87 /* CameraViewControllerConstraint.swift in Sources */ = {isa = PBXBuildFile; fileRef = B078B5351DC18B1400473B87 /* CameraViewControllerConstraint.swift */; };
		B078B54F1DC18B1400473B87 /* ConfirmViewController.swift in Sources */ = {isa = PBXBuildFile; fileRef = B078B5361DC18B1400473B87 /* ConfirmViewController.swift */; };
		B078B5501DC18B1400473B87 /* ConfirmViewController.xib in Resources */ = {isa = PBXBuildFile; fileRef = B078B5371DC18B1400473B87 /* ConfirmViewController.xib */; };
		B078B5511DC18B1400473B87 /* PhotoLibraryViewController.swift in Sources */ = {isa = PBXBuildFile; fileRef = B078B5381DC18B1400473B87 /* PhotoLibraryViewController.swift */; };
		B078B5521DC18B1400473B87 /* CameraView.swift in Sources */ = {isa = PBXBuildFile; fileRef = B078B53A1DC18B1400473B87 /* CameraView.swift */; };
		B078B5531DC18B1400473B87 /* CropOverlay.swift in Sources */ = {isa = PBXBuildFile; fileRef = B078B53B1DC18B1400473B87 /* CropOverlay.swift */; };
		B078B5541DC18B1400473B87 /* ImageCell.swift in Sources */ = {isa = PBXBuildFile; fileRef = B078B53C1DC18B1400473B87 /* ImageCell.swift */; };
		B078B5551DC18B1400473B87 /* PermissionsView.swift in Sources */ = {isa = PBXBuildFile; fileRef = B078B53D1DC18B1400473B87 /* PermissionsView.swift */; };
		B078B5561DC18B1400473B87 /* Info.plist in Resources */ = {isa = PBXBuildFile; fileRef = B078B5401DC18B1400473B87 /* Info.plist */; };
/* End PBXBuildFile section */

/* Begin PBXContainerItemProxy section */
		B078B4BD1DC1206600473B87 /* PBXContainerItemProxy */ = {
			isa = PBXContainerItemProxy;
			containerPortal = B078B4A01DC1206500473B87 /* Project object */;
			proxyType = 1;
			remoteGlobalIDString = B078B4A71DC1206500473B87;
			remoteInfo = proto;
		};
		B078B4C81DC1206600473B87 /* PBXContainerItemProxy */ = {
			isa = PBXContainerItemProxy;
			containerPortal = B078B4A01DC1206500473B87 /* Project object */;
			proxyType = 1;
			remoteGlobalIDString = B078B4A71DC1206500473B87;
			remoteInfo = proto;
		};
/* End PBXContainerItemProxy section */

/* Begin PBXFileReference section */
		181EBA366D14A1BC7C83B927 /* Pods-protoTests.debug.xcconfig */ = {isa = PBXFileReference; includeInIndex = 1; lastKnownFileType = text.xcconfig; name = "Pods-protoTests.debug.xcconfig"; path = "Pods/Target Support Files/Pods-protoTests/Pods-protoTests.debug.xcconfig"; sourceTree = "<group>"; };
		4EF825D6E4B6E499CE5BB2AA /* Pods_protoTests.framework */ = {isa = PBXFileReference; explicitFileType = wrapper.framework; includeInIndex = 0; path = Pods_protoTests.framework; sourceTree = BUILT_PRODUCTS_DIR; };
		71B78FD56ECA4A52421D5BFB /* Pods-protoTests.release.xcconfig */ = {isa = PBXFileReference; includeInIndex = 1; lastKnownFileType = text.xcconfig; name = "Pods-protoTests.release.xcconfig"; path = "Pods/Target Support Files/Pods-protoTests/Pods-protoTests.release.xcconfig"; sourceTree = "<group>"; };
		7FD3278100803BA6B703B6B7 /* Pods-protoUITests.debug.xcconfig */ = {isa = PBXFileReference; includeInIndex = 1; lastKnownFileType = text.xcconfig; name = "Pods-protoUITests.debug.xcconfig"; path = "Pods/Target Support Files/Pods-protoUITests/Pods-protoUITests.debug.xcconfig"; sourceTree = "<group>"; };
		83D1BDB3A6BE216D0FCAFA67 /* Pods-protoUITests.release.xcconfig */ = {isa = PBXFileReference; includeInIndex = 1; lastKnownFileType = text.xcconfig; name = "Pods-protoUITests.release.xcconfig"; path = "Pods/Target Support Files/Pods-protoUITests/Pods-protoUITests.release.xcconfig"; sourceTree = "<group>"; };
		A7CC4EA767C9798430C1AC02 /* Pods_proto.framework */ = {isa = PBXFileReference; explicitFileType = wrapper.framework; includeInIndex = 0; path = Pods_proto.framework; sourceTree = BUILT_PRODUCTS_DIR; };
		B078B4A81DC1206500473B87 /* proto.app */ = {isa = PBXFileReference; explicitFileType = wrapper.application; includeInIndex = 0; path = proto.app; sourceTree = BUILT_PRODUCTS_DIR; };
		B078B4AB1DC1206500473B87 /* AppDelegate.swift */ = {isa = PBXFileReference; lastKnownFileType = sourcecode.swift; path = AppDelegate.swift; sourceTree = "<group>"; };
		B078B4AD1DC1206500473B87 /* ViewController.swift */ = {isa = PBXFileReference; lastKnownFileType = sourcecode.swift; path = ViewController.swift; sourceTree = "<group>"; };
		B078B4B01DC1206500473B87 /* Base */ = {isa = PBXFileReference; lastKnownFileType = file.storyboard; name = Base; path = Base.lproj/Main.storyboard; sourceTree = "<group>"; };
		B078B4B21DC1206500473B87 /* Assets.xcassets */ = {isa = PBXFileReference; lastKnownFileType = folder.assetcatalog; path = Assets.xcassets; sourceTree = "<group>"; };
		B078B4B51DC1206500473B87 /* Base */ = {isa = PBXFileReference; lastKnownFileType = file.storyboard; name = Base; path = Base.lproj/LaunchScreen.storyboard; sourceTree = "<group>"; };
		B078B4B71DC1206500473B87 /* Info.plist */ = {isa = PBXFileReference; lastKnownFileType = text.plist.xml; path = Info.plist; sourceTree = "<group>"; };
		B078B4BC1DC1206600473B87 /* protoTests.xctest */ = {isa = PBXFileReference; explicitFileType = wrapper.cfbundle; includeInIndex = 0; path = protoTests.xctest; sourceTree = BUILT_PRODUCTS_DIR; };
		B078B4C01DC1206600473B87 /* protoTests.swift */ = {isa = PBXFileReference; lastKnownFileType = sourcecode.swift; path = protoTests.swift; sourceTree = "<group>"; };
		B078B4C21DC1206600473B87 /* Info.plist */ = {isa = PBXFileReference; lastKnownFileType = text.plist.xml; path = Info.plist; sourceTree = "<group>"; };
		B078B4C71DC1206600473B87 /* protoUITests.xctest */ = {isa = PBXFileReference; explicitFileType = wrapper.cfbundle; includeInIndex = 0; path = protoUITests.xctest; sourceTree = BUILT_PRODUCTS_DIR; };
		B078B4CB1DC1206600473B87 /* protoUITests.swift */ = {isa = PBXFileReference; lastKnownFileType = sourcecode.swift; path = protoUITests.swift; sourceTree = "<group>"; };
		B078B4CD1DC1206600473B87 /* Info.plist */ = {isa = PBXFileReference; lastKnownFileType = text.plist.xml; path = Info.plist; sourceTree = "<group>"; };
		B078B4DB1DC1836300473B87 /* MKRingProgressView.swift */ = {isa = PBXFileReference; fileEncoding = 4; lastKnownFileType = sourcecode.swift; name = MKRingProgressView.swift; path = Libraries/MKRingProgressView/MKRingProgressView.swift; sourceTree = "<group>"; };
		B078B4DD1DC1838700473B87 /* MKGradientGenerator.swift */ = {isa = PBXFileReference; fileEncoding = 4; lastKnownFileType = sourcecode.swift; name = MKGradientGenerator.swift; path = Libraries/MKRingProgressView/MKGradientGenerator.swift; sourceTree = "<group>"; };
		B078B4E01DC183E700473B87 /* MKRingProgressGroupButton.swift */ = {isa = PBXFileReference; fileEncoding = 4; lastKnownFileType = sourcecode.swift; name = MKRingProgressGroupButton.swift; path = Libraries/MKRingProgressGroup/MKRingProgressGroupButton.swift; sourceTree = "<group>"; };
		B078B4E21DC1840B00473B87 /* MKRingProgressGroupView.swift */ = {isa = PBXFileReference; fileEncoding = 4; lastKnownFileType = sourcecode.swift; name = MKRingProgressGroupView.swift; path = Libraries/MKRingProgressGroup/MKRingProgressGroupView.swift; sourceTree = "<group>"; };
		B078B4E41DC1844000473B87 /* MKRingProgressGroupResultsView.swift */ = {isa = PBXFileReference; fileEncoding = 4; lastKnownFileType = sourcecode.swift; name = MKRingProgressGroupResultsView.swift; path = Libraries/MKRingProgressGroup/MKRingProgressGroupResultsView.swift; sourceTree = "<group>"; };
		B078B4E61DC1845900473B87 /* MKRingProgressGroupVotingView.swift */ = {isa = PBXFileReference; fileEncoding = 4; lastKnownFileType = sourcecode.swift; name = MKRingProgressGroupVotingView.swift; path = Libraries/MKRingProgressGroup/MKRingProgressGroupVotingView.swift; sourceTree = "<group>"; };
		B078B4E91DC185E400473B87 /* CreatePollViewController.swift */ = {isa = PBXFileReference; fileEncoding = 4; lastKnownFileType = sourcecode.swift; name = CreatePollViewController.swift; path = Controllers/CreatePollViewController.swift; sourceTree = "<group>"; };
		B078B4EF1DC1896300473B87 /* PollPictureCreateOptionOneViewController.swift */ = {isa = PBXFileReference; fileEncoding = 4; lastKnownFileType = sourcecode.swift; name = PollPictureCreateOptionOneViewController.swift; path = Controllers/PollPictureCreate/PollPictureCreateOptionOneViewController.swift; sourceTree = "<group>"; };
		B078B4F11DC1897F00473B87 /* PollPictureCreateOptionTwoViewController.swift */ = {isa = PBXFileReference; fileEncoding = 4; lastKnownFileType = sourcecode.swift; name = PollPictureCreateOptionTwoViewController.swift; path = Controllers/PollPictureCreate/PollPictureCreateOptionTwoViewController.swift; sourceTree = "<group>"; };
		B078B5261DC18B1400473B87 /* CameraView.strings */ = {isa = PBXFileReference; fileEncoding = 4; lastKnownFileType = text.plist.strings; path = CameraView.strings; sourceTree = "<group>"; };
		B078B5271DC18B1400473B87 /* CameraViewAssets.xcassets */ = {isa = PBXFileReference; lastKnownFileType = folder.assetcatalog; path = CameraViewAssets.xcassets; sourceTree = "<group>"; };
		B078B5291DC18B1400473B87 /* CameraGlobals.swift */ = {isa = PBXFileReference; fileEncoding = 4; lastKnownFileType = sourcecode.swift; path = CameraGlobals.swift; sourceTree = "<group>"; };
		B078B52A1DC18B1400473B87 /* CameraShot.swift */ = {isa = PBXFileReference; fileEncoding = 4; lastKnownFileType = sourcecode.swift; path = CameraShot.swift; sourceTree = "<group>"; };
		B078B52B1DC18B1400473B87 /* ImageFetcher.swift */ = {isa = PBXFileReference; fileEncoding = 4; lastKnownFileType = sourcecode.swift; path = ImageFetcher.swift; sourceTree = "<group>"; };
		B078B52C1DC18B1400473B87 /* PhotoLibraryAuthorizer.swift */ = {isa = PBXFileReference; fileEncoding = 4; lastKnownFileType = sourcecode.swift; path = PhotoLibraryAuthorizer.swift; sourceTree = "<group>"; };
		B078B52D1DC18B1400473B87 /* SingleImageFetcher.swift */ = {isa = PBXFileReference; fileEncoding = 4; lastKnownFileType = sourcecode.swift; path = SingleImageFetcher.swift; sourceTree = "<group>"; };
		B078B52E1DC18B1400473B87 /* SingleImageSaver.swift */ = {isa = PBXFileReference; fileEncoding = 4; lastKnownFileType = sourcecode.swift; path = SingleImageSaver.swift; sourceTree = "<group>"; };
		B078B52F1DC18B1400473B87 /* UIButtonExtensions.swift */ = {isa = PBXFileReference; fileEncoding = 4; lastKnownFileType = sourcecode.swift; path = UIButtonExtensions.swift; sourceTree = "<group>"; };
		B078B5301DC18B1400473B87 /* UIViewExtensions.swift */ = {isa = PBXFileReference; fileEncoding = 4; lastKnownFileType = sourcecode.swift; path = UIViewExtensions.swift; sourceTree = "<group>"; };
		B078B5311DC18B1400473B87 /* Utilities.swift */ = {isa = PBXFileReference; fileEncoding = 4; lastKnownFileType = sourcecode.swift; path = Utilities.swift; sourceTree = "<group>"; };
		B078B5321DC18B1400473B87 /* VolumeControl.swift */ = {isa = PBXFileReference; fileEncoding = 4; lastKnownFileType = sourcecode.swift; path = VolumeControl.swift; sourceTree = "<group>"; };
		B078B5341DC18B1400473B87 /* CameraViewController.swift */ = {isa = PBXFileReference; fileEncoding = 4; lastKnownFileType = sourcecode.swift; path = CameraViewController.swift; sourceTree = "<group>"; };
		B078B5351DC18B1400473B87 /* CameraViewControllerConstraint.swift */ = {isa = PBXFileReference; fileEncoding = 4; lastKnownFileType = sourcecode.swift; path = CameraViewControllerConstraint.swift; sourceTree = "<group>"; };
		B078B5361DC18B1400473B87 /* ConfirmViewController.swift */ = {isa = PBXFileReference; fileEncoding = 4; lastKnownFileType = sourcecode.swift; path = ConfirmViewController.swift; sourceTree = "<group>"; };
		B078B5371DC18B1400473B87 /* ConfirmViewController.xib */ = {isa = PBXFileReference; fileEncoding = 4; lastKnownFileType = file.xib; path = ConfirmViewController.xib; sourceTree = "<group>"; };
		B078B5381DC18B1400473B87 /* PhotoLibraryViewController.swift */ = {isa = PBXFileReference; fileEncoding = 4; lastKnownFileType = sourcecode.swift; path = PhotoLibraryViewController.swift; sourceTree = "<group>"; };
		B078B53A1DC18B1400473B87 /* CameraView.swift */ = {isa = PBXFileReference; fileEncoding = 4; lastKnownFileType = sourcecode.swift; path = CameraView.swift; sourceTree = "<group>"; };
		B078B53B1DC18B1400473B87 /* CropOverlay.swift */ = {isa = PBXFileReference; fileEncoding = 4; lastKnownFileType = sourcecode.swift; path = CropOverlay.swift; sourceTree = "<group>"; };
		B078B53C1DC18B1400473B87 /* ImageCell.swift */ = {isa = PBXFileReference; fileEncoding = 4; lastKnownFileType = sourcecode.swift; path = ImageCell.swift; sourceTree = "<group>"; };
		B078B53D1DC18B1400473B87 /* PermissionsView.swift */ = {isa = PBXFileReference; fileEncoding = 4; lastKnownFileType = sourcecode.swift; path = PermissionsView.swift; sourceTree = "<group>"; };
		B078B53F1DC18B1400473B87 /* CameraViewController.h */ = {isa = PBXFileReference; fileEncoding = 4; lastKnownFileType = sourcecode.c.h; path = CameraViewController.h; sourceTree = "<group>"; };
		B078B5401DC18B1400473B87 /* Info.plist */ = {isa = PBXFileReference; fileEncoding = 4; lastKnownFileType = text.plist.xml; path = Info.plist; sourceTree = "<group>"; };
		BFB77ADF2EDB8E861BBCC549 /* Pods-proto.debug.xcconfig */ = {isa = PBXFileReference; includeInIndex = 1; lastKnownFileType = text.xcconfig; name = "Pods-proto.debug.xcconfig"; path = "Pods/Target Support Files/Pods-proto/Pods-proto.debug.xcconfig"; sourceTree = "<group>"; };
		E33295A5788B01958158A05B /* Pods_protoUITests.framework */ = {isa = PBXFileReference; explicitFileType = wrapper.framework; includeInIndex = 0; path = Pods_protoUITests.framework; sourceTree = BUILT_PRODUCTS_DIR; };
		FCFEA23834FF03A987B9C739 /* Pods-proto.release.xcconfig */ = {isa = PBXFileReference; includeInIndex = 1; lastKnownFileType = text.xcconfig; name = "Pods-proto.release.xcconfig"; path = "Pods/Target Support Files/Pods-proto/Pods-proto.release.xcconfig"; sourceTree = "<group>"; };
/* End PBXFileReference section */

/* Begin PBXFrameworksBuildPhase section */
		B078B4A51DC1206500473B87 /* Frameworks */ = {
			isa = PBXFrameworksBuildPhase;
			buildActionMask = 2147483647;
			files = (
				6AE052C2B1BB3053885E8A20 /* Pods_proto.framework in Frameworks */,
			);
			runOnlyForDeploymentPostprocessing = 0;
		};
		B078B4B91DC1206600473B87 /* Frameworks */ = {
			isa = PBXFrameworksBuildPhase;
			buildActionMask = 2147483647;
			files = (
				02961030FE382B269402AFAB /* Pods_protoTests.framework in Frameworks */,
			);
			runOnlyForDeploymentPostprocessing = 0;
		};
		B078B4C41DC1206600473B87 /* Frameworks */ = {
			isa = PBXFrameworksBuildPhase;
			buildActionMask = 2147483647;
			files = (
				671308BDC904AEFD8683E1BD /* Pods_protoUITests.framework in Frameworks */,
			);
			runOnlyForDeploymentPostprocessing = 0;
		};
/* End PBXFrameworksBuildPhase section */

/* Begin PBXGroup section */
		1B5AD798FBBEB73A5BBCC1E5 /* Frameworks */ = {
			isa = PBXGroup;
			children = (
				A7CC4EA767C9798430C1AC02 /* Pods_proto.framework */,
				4EF825D6E4B6E499CE5BB2AA /* Pods_protoTests.framework */,
				E33295A5788B01958158A05B /* Pods_protoUITests.framework */,
			);
			name = Frameworks;
			sourceTree = "<group>";
		};
		B078B49F1DC1206500473B87 = {
			isa = PBXGroup;
			children = (
				B078B4AA1DC1206500473B87 /* proto */,
				B078B4BF1DC1206600473B87 /* protoTests */,
				B078B4CA1DC1206600473B87 /* protoUITests */,
				B078B4A91DC1206500473B87 /* Products */,
				E00A1424882486ED5111AF74 /* Pods */,
				1B5AD798FBBEB73A5BBCC1E5 /* Frameworks */,
			);
			sourceTree = "<group>";
		};
		B078B4A91DC1206500473B87 /* Products */ = {
			isa = PBXGroup;
			children = (
				B078B4A81DC1206500473B87 /* proto.app */,
				B078B4BC1DC1206600473B87 /* protoTests.xctest */,
				B078B4C71DC1206600473B87 /* protoUITests.xctest */,
			);
			name = Products;
			sourceTree = "<group>";
		};
		B078B4AA1DC1206500473B87 /* proto */ = {
			isa = PBXGroup;
			children = (
				B078B5571DC198B600473B87 /* Helpers */,
				B078B4D91DC182D500473B87 /* Libraries */,
				B078B4EC1DC186FB00473B87 /* Models */,
				B078B4EB1DC186E400473B87 /* Views */,
				B078B4E81DC185AA00473B87 /* Controllers */,
				B078B4AB1DC1206500473B87 /* AppDelegate.swift */,
				B078B4AD1DC1206500473B87 /* ViewController.swift */,
				B078B4AF1DC1206500473B87 /* Main.storyboard */,
				B078B4B21DC1206500473B87 /* Assets.xcassets */,
				B078B4B41DC1206500473B87 /* LaunchScreen.storyboard */,
				B078B4B71DC1206500473B87 /* Info.plist */,
			);
			path = proto;
			sourceTree = "<group>";
		};
		B078B4BF1DC1206600473B87 /* protoTests */ = {
			isa = PBXGroup;
			children = (
				B078B4C01DC1206600473B87 /* protoTests.swift */,
				B078B4C21DC1206600473B87 /* Info.plist */,
			);
			path = protoTests;
			sourceTree = "<group>";
		};
		B078B4CA1DC1206600473B87 /* protoUITests */ = {
			isa = PBXGroup;
			children = (
				B078B4CB1DC1206600473B87 /* protoUITests.swift */,
				B078B4CD1DC1206600473B87 /* Info.plist */,
			);
			path = protoUITests;
			sourceTree = "<group>";
		};
		B078B4D91DC182D500473B87 /* Libraries */ = {
			isa = PBXGroup;
			children = (
				B078B5251DC18B1400473B87 /* ALCameraViewController */,
				B078B53E1DC18B1400473B87 /* CameraViewController */,
				B078B4DF1DC183AD00473B87 /* MKRingProgressGroup */,
				B078B4DA1DC1832800473B87 /* MKRingProgressView */,
			);
			name = Libraries;
			sourceTree = "<group>";
		};
		B078B4DA1DC1832800473B87 /* MKRingProgressView */ = {
			isa = PBXGroup;
			children = (
				B078B4DB1DC1836300473B87 /* MKRingProgressView.swift */,
				B078B4DD1DC1838700473B87 /* MKGradientGenerator.swift */,
			);
			name = MKRingProgressView;
			sourceTree = "<group>";
		};
		B078B4DF1DC183AD00473B87 /* MKRingProgressGroup */ = {
			isa = PBXGroup;
			children = (
				B078B4E01DC183E700473B87 /* MKRingProgressGroupButton.swift */,
				B078B4E21DC1840B00473B87 /* MKRingProgressGroupView.swift */,
				B078B4E41DC1844000473B87 /* MKRingProgressGroupResultsView.swift */,
				B078B4E61DC1845900473B87 /* MKRingProgressGroupVotingView.swift */,
			);
			name = MKRingProgressGroup;
			sourceTree = "<group>";
		};
		B078B4E81DC185AA00473B87 /* Controllers */ = {
			isa = PBXGroup;
			children = (
				B078B4EE1DC1891400473B87 /* PollPictureCreate */,
				B078B4E91DC185E400473B87 /* CreatePollViewController.swift */,
			);
			name = Controllers;
			sourceTree = "<group>";
		};
		B078B4EB1DC186E400473B87 /* Views */ = {
			isa = PBXGroup;
			children = (
				B078B4ED1DC1876000473B87 /* CustomClasses */,
			);
			name = Views;
			sourceTree = "<group>";
		};
		B078B4EC1DC186FB00473B87 /* Models */ = {
			isa = PBXGroup;
			children = (
			);
			name = Models;
			sourceTree = "<group>";
		};
		B078B4ED1DC1876000473B87 /* CustomClasses */ = {
			isa = PBXGroup;
			children = (
			);
			name = CustomClasses;
			sourceTree = "<group>";
		};
		B078B4EE1DC1891400473B87 /* PollPictureCreate */ = {
			isa = PBXGroup;
			children = (
				B078B4EF1DC1896300473B87 /* PollPictureCreateOptionOneViewController.swift */,
				B078B4F11DC1897F00473B87 /* PollPictureCreateOptionTwoViewController.swift */,
			);
			name = PollPictureCreate;
			sourceTree = "<group>";
		};
		B078B5251DC18B1400473B87 /* ALCameraViewController */ = {
			isa = PBXGroup;
			children = (
				B078B5261DC18B1400473B87 /* CameraView.strings */,
				B078B5271DC18B1400473B87 /* CameraViewAssets.xcassets */,
				B078B5281DC18B1400473B87 /* Utilities */,
				B078B5331DC18B1400473B87 /* ViewController */,
				B078B5391DC18B1400473B87 /* Views */,
			);
			path = ALCameraViewController;
			sourceTree = "<group>";
		};
		B078B5281DC18B1400473B87 /* Utilities */ = {
			isa = PBXGroup;
			children = (
				B078B5291DC18B1400473B87 /* CameraGlobals.swift */,
				B078B52A1DC18B1400473B87 /* CameraShot.swift */,
				B078B52B1DC18B1400473B87 /* ImageFetcher.swift */,
				B078B52C1DC18B1400473B87 /* PhotoLibraryAuthorizer.swift */,
				B078B52D1DC18B1400473B87 /* SingleImageFetcher.swift */,
				B078B52E1DC18B1400473B87 /* SingleImageSaver.swift */,
				B078B52F1DC18B1400473B87 /* UIButtonExtensions.swift */,
				B078B5301DC18B1400473B87 /* UIViewExtensions.swift */,
				B078B5311DC18B1400473B87 /* Utilities.swift */,
				B078B5321DC18B1400473B87 /* VolumeControl.swift */,
			);
			path = Utilities;
			sourceTree = "<group>";
		};
		B078B5331DC18B1400473B87 /* ViewController */ = {
			isa = PBXGroup;
			children = (
				B078B5341DC18B1400473B87 /* CameraViewController.swift */,
				B078B5351DC18B1400473B87 /* CameraViewControllerConstraint.swift */,
				B078B5361DC18B1400473B87 /* ConfirmViewController.swift */,
				B078B5371DC18B1400473B87 /* ConfirmViewController.xib */,
				B078B5381DC18B1400473B87 /* PhotoLibraryViewController.swift */,
			);
			path = ViewController;
			sourceTree = "<group>";
		};
		B078B5391DC18B1400473B87 /* Views */ = {
			isa = PBXGroup;
			children = (
				B078B53A1DC18B1400473B87 /* CameraView.swift */,
				B078B53B1DC18B1400473B87 /* CropOverlay.swift */,
				B078B53C1DC18B1400473B87 /* ImageCell.swift */,
				B078B53D1DC18B1400473B87 /* PermissionsView.swift */,
			);
			path = Views;
			sourceTree = "<group>";
		};
		B078B53E1DC18B1400473B87 /* CameraViewController */ = {
			isa = PBXGroup;
			children = (
				B078B53F1DC18B1400473B87 /* CameraViewController.h */,
				B078B5401DC18B1400473B87 /* Info.plist */,
			);
			path = CameraViewController;
			sourceTree = "<group>";
		};
		B078B5571DC198B600473B87 /* Helpers */ = {
			isa = PBXGroup;
			children = (
			);
			name = Helpers;
			sourceTree = "<group>";
		};
		E00A1424882486ED5111AF74 /* Pods */ = {
			isa = PBXGroup;
			children = (
				BFB77ADF2EDB8E861BBCC549 /* Pods-proto.debug.xcconfig */,
				FCFEA23834FF03A987B9C739 /* Pods-proto.release.xcconfig */,
				181EBA366D14A1BC7C83B927 /* Pods-protoTests.debug.xcconfig */,
				71B78FD56ECA4A52421D5BFB /* Pods-protoTests.release.xcconfig */,
				7FD3278100803BA6B703B6B7 /* Pods-protoUITests.debug.xcconfig */,
				83D1BDB3A6BE216D0FCAFA67 /* Pods-protoUITests.release.xcconfig */,
			);
			name = Pods;
			sourceTree = "<group>";
		};
/* End PBXGroup section */

/* Begin PBXNativeTarget section */
		B078B4A71DC1206500473B87 /* proto */ = {
			isa = PBXNativeTarget;
			buildConfigurationList = B078B4D01DC1206600473B87 /* Build configuration list for PBXNativeTarget "proto" */;
			buildPhases = (
				22C22F712B2B50CC387A17F3 /* [CP] Check Pods Manifest.lock */,
				B078B4A41DC1206500473B87 /* Sources */,
				B078B4A51DC1206500473B87 /* Frameworks */,
				B078B4A61DC1206500473B87 /* Resources */,
				662B118E3565E4B363212DD5 /* [CP] Embed Pods Frameworks */,
				D38D82972EFCF476BEED2BB7 /* [CP] Copy Pods Resources */,
			);
			buildRules = (
			);
			dependencies = (
			);
			name = proto;
			productName = proto;
			productReference = B078B4A81DC1206500473B87 /* proto.app */;
			productType = "com.apple.product-type.application";
		};
		B078B4BB1DC1206600473B87 /* protoTests */ = {
			isa = PBXNativeTarget;
			buildConfigurationList = B078B4D31DC1206600473B87 /* Build configuration list for PBXNativeTarget "protoTests" */;
			buildPhases = (
				754F28D866EADCE138736F11 /* [CP] Check Pods Manifest.lock */,
				B078B4B81DC1206600473B87 /* Sources */,
				B078B4B91DC1206600473B87 /* Frameworks */,
				B078B4BA1DC1206600473B87 /* Resources */,
				C6E13981D6039C0CA7DAC18E /* [CP] Embed Pods Frameworks */,
				6196082B0193A81353B75A48 /* [CP] Copy Pods Resources */,
			);
			buildRules = (
			);
			dependencies = (
				B078B4BE1DC1206600473B87 /* PBXTargetDependency */,
			);
			name = protoTests;
			productName = protoTests;
			productReference = B078B4BC1DC1206600473B87 /* protoTests.xctest */;
			productType = "com.apple.product-type.bundle.unit-test";
		};
		B078B4C61DC1206600473B87 /* protoUITests */ = {
			isa = PBXNativeTarget;
			buildConfigurationList = B078B4D61DC1206600473B87 /* Build configuration list for PBXNativeTarget "protoUITests" */;
			buildPhases = (
				7ECF4D040A60C3E916703D1E /* [CP] Check Pods Manifest.lock */,
				B078B4C31DC1206600473B87 /* Sources */,
				B078B4C41DC1206600473B87 /* Frameworks */,
				B078B4C51DC1206600473B87 /* Resources */,
				FF5FCC11F8537560F1FBD6BD /* [CP] Copy Pods Resources */,
			);
			buildRules = (
			);
			dependencies = (
				B078B4C91DC1206600473B87 /* PBXTargetDependency */,
			);
			name = protoUITests;
			productName = protoUITests;
			productReference = B078B4C71DC1206600473B87 /* protoUITests.xctest */;
			productType = "com.apple.product-type.bundle.ui-testing";
		};
/* End PBXNativeTarget section */

/* Begin PBXProject section */
		B078B4A01DC1206500473B87 /* Project object */ = {
			isa = PBXProject;
			attributes = {
				LastSwiftUpdateCheck = 0800;
				LastUpgradeCheck = 0800;
				ORGANIZATIONNAME = "Alexander Murphy";
				TargetAttributes = {
					B078B4A71DC1206500473B87 = {
						CreatedOnToolsVersion = 8.0;
						DevelopmentTeam = 9L49SS68XP;
						ProvisioningStyle = Automatic;
					};
					B078B4BB1DC1206600473B87 = {
						CreatedOnToolsVersion = 8.0;
						DevelopmentTeam = 9L49SS68XP;
						ProvisioningStyle = Automatic;
						TestTargetID = B078B4A71DC1206500473B87;
					};
					B078B4C61DC1206600473B87 = {
						CreatedOnToolsVersion = 8.0;
						DevelopmentTeam = 9L49SS68XP;
						ProvisioningStyle = Automatic;
						TestTargetID = B078B4A71DC1206500473B87;
					};
				};
			};
			buildConfigurationList = B078B4A31DC1206500473B87 /* Build configuration list for PBXProject "proto" */;
			compatibilityVersion = "Xcode 3.2";
			developmentRegion = English;
			hasScannedForEncodings = 0;
			knownRegions = (
				en,
				Base,
			);
			mainGroup = B078B49F1DC1206500473B87;
			productRefGroup = B078B4A91DC1206500473B87 /* Products */;
			projectDirPath = "";
			projectRoot = "";
			targets = (
				B078B4A71DC1206500473B87 /* proto */,
				B078B4BB1DC1206600473B87 /* protoTests */,
				B078B4C61DC1206600473B87 /* protoUITests */,
			);
		};
/* End PBXProject section */

/* Begin PBXResourcesBuildPhase section */
		B078B4A61DC1206500473B87 /* Resources */ = {
			isa = PBXResourcesBuildPhase;
			buildActionMask = 2147483647;
			files = (
				B078B5421DC18B1400473B87 /* CameraViewAssets.xcassets in Resources */,
				B078B4B61DC1206500473B87 /* LaunchScreen.storyboard in Resources */,
				B078B4B31DC1206500473B87 /* Assets.xcassets in Resources */,
				B078B5411DC18B1400473B87 /* CameraView.strings in Resources */,
				B078B4B11DC1206500473B87 /* Main.storyboard in Resources */,
				B078B5501DC18B1400473B87 /* ConfirmViewController.xib in Resources */,
				B078B5561DC18B1400473B87 /* Info.plist in Resources */,
			);
			runOnlyForDeploymentPostprocessing = 0;
		};
		B078B4BA1DC1206600473B87 /* Resources */ = {
			isa = PBXResourcesBuildPhase;
			buildActionMask = 2147483647;
			files = (
			);
			runOnlyForDeploymentPostprocessing = 0;
		};
		B078B4C51DC1206600473B87 /* Resources */ = {
			isa = PBXResourcesBuildPhase;
			buildActionMask = 2147483647;
			files = (
			);
			runOnlyForDeploymentPostprocessing = 0;
		};
/* End PBXResourcesBuildPhase section */

/* Begin PBXShellScriptBuildPhase section */
		22C22F712B2B50CC387A17F3 /* [CP] Check Pods Manifest.lock */ = {
			isa = PBXShellScriptBuildPhase;
			buildActionMask = 2147483647;
			files = (
			);
			inputPaths = (
			);
			name = "[CP] Check Pods Manifest.lock";
			outputPaths = (
			);
			runOnlyForDeploymentPostprocessing = 0;
			shellPath = /bin/sh;
			shellScript = "diff \"${PODS_ROOT}/../Podfile.lock\" \"${PODS_ROOT}/Manifest.lock\" > /dev/null\nif [[ $? != 0 ]] ; then\n    cat << EOM\nerror: The sandbox is not in sync with the Podfile.lock. Run 'pod install' or update your CocoaPods installation.\nEOM\n    exit 1\nfi\n";
			showEnvVarsInLog = 0;
		};
		6196082B0193A81353B75A48 /* [CP] Copy Pods Resources */ = {
			isa = PBXShellScriptBuildPhase;
			buildActionMask = 2147483647;
			files = (
			);
			inputPaths = (
			);
			name = "[CP] Copy Pods Resources";
			outputPaths = (
			);
			runOnlyForDeploymentPostprocessing = 0;
			shellPath = /bin/sh;
			shellScript = "\"${SRCROOT}/Pods/Target Support Files/Pods-protoTests/Pods-protoTests-resources.sh\"\n";
			showEnvVarsInLog = 0;
		};
		662B118E3565E4B363212DD5 /* [CP] Embed Pods Frameworks */ = {
			isa = PBXShellScriptBuildPhase;
			buildActionMask = 2147483647;
			files = (
			);
			inputPaths = (
			);
			name = "[CP] Embed Pods Frameworks";
			outputPaths = (
			);
			runOnlyForDeploymentPostprocessing = 0;
			shellPath = /bin/sh;
			shellScript = "\"${SRCROOT}/Pods/Target Support Files/Pods-proto/Pods-proto-frameworks.sh\"\n";
			showEnvVarsInLog = 0;
		};
		754F28D866EADCE138736F11 /* [CP] Check Pods Manifest.lock */ = {
			isa = PBXShellScriptBuildPhase;
			buildActionMask = 2147483647;
			files = (
			);
			inputPaths = (
			);
			name = "[CP] Check Pods Manifest.lock";
			outputPaths = (
			);
			runOnlyForDeploymentPostprocessing = 0;
			shellPath = /bin/sh;
			shellScript = "diff \"${PODS_ROOT}/../Podfile.lock\" \"${PODS_ROOT}/Manifest.lock\" > /dev/null\nif [[ $? != 0 ]] ; then\n    cat << EOM\nerror: The sandbox is not in sync with the Podfile.lock. Run 'pod install' or update your CocoaPods installation.\nEOM\n    exit 1\nfi\n";
			showEnvVarsInLog = 0;
		};
		7ECF4D040A60C3E916703D1E /* [CP] Check Pods Manifest.lock */ = {
			isa = PBXShellScriptBuildPhase;
			buildActionMask = 2147483647;
			files = (
			);
			inputPaths = (
			);
			name = "[CP] Check Pods Manifest.lock";
			outputPaths = (
			);
			runOnlyForDeploymentPostprocessing = 0;
			shellPath = /bin/sh;
			shellScript = "diff \"${PODS_ROOT}/../Podfile.lock\" \"${PODS_ROOT}/Manifest.lock\" > /dev/null\nif [[ $? != 0 ]] ; then\n    cat << EOM\nerror: The sandbox is not in sync with the Podfile.lock. Run 'pod install' or update your CocoaPods installation.\nEOM\n    exit 1\nfi\n";
			showEnvVarsInLog = 0;
		};
		C6E13981D6039C0CA7DAC18E /* [CP] Embed Pods Frameworks */ = {
			isa = PBXShellScriptBuildPhase;
			buildActionMask = 2147483647;
			files = (
			);
			inputPaths = (
			);
			name = "[CP] Embed Pods Frameworks";
			outputPaths = (
			);
			runOnlyForDeploymentPostprocessing = 0;
			shellPath = /bin/sh;
			shellScript = "\"${SRCROOT}/Pods/Target Support Files/Pods-protoTests/Pods-protoTests-frameworks.sh\"\n";
			showEnvVarsInLog = 0;
		};
		D38D82972EFCF476BEED2BB7 /* [CP] Copy Pods Resources */ = {
			isa = PBXShellScriptBuildPhase;
			buildActionMask = 2147483647;
			files = (
			);
			inputPaths = (
			);
			name = "[CP] Copy Pods Resources";
			outputPaths = (
			);
			runOnlyForDeploymentPostprocessing = 0;
			shellPath = /bin/sh;
			shellScript = "\"${SRCROOT}/Pods/Target Support Files/Pods-proto/Pods-proto-resources.sh\"\n";
			showEnvVarsInLog = 0;
		};
		FF5FCC11F8537560F1FBD6BD /* [CP] Copy Pods Resources */ = {
			isa = PBXShellScriptBuildPhase;
			buildActionMask = 2147483647;
			files = (
			);
			inputPaths = (
			);
			name = "[CP] Copy Pods Resources";
			outputPaths = (
			);
			runOnlyForDeploymentPostprocessing = 0;
			shellPath = /bin/sh;
			shellScript = "\"${SRCROOT}/Pods/Target Support Files/Pods-protoUITests/Pods-protoUITests-resources.sh\"\n";
			showEnvVarsInLog = 0;
		};
/* End PBXShellScriptBuildPhase section */

/* Begin PBXSourcesBuildPhase section */
		B078B4A41DC1206500473B87 /* Sources */ = {
			isa = PBXSourcesBuildPhase;
			buildActionMask = 2147483647;
			files = (
				B078B5481DC18B1400473B87 /* SingleImageSaver.swift in Sources */,
				B078B5461DC18B1400473B87 /* PhotoLibraryAuthorizer.swift in Sources */,
				B078B4AE1DC1206500473B87 /* ViewController.swift in Sources */,
				B078B54F1DC18B1400473B87 /* ConfirmViewController.swift in Sources */,
				B078B4F21DC1897F00473B87 /* PollPictureCreateOptionTwoViewController.swift in Sources */,
				B078B5541DC18B1400473B87 /* ImageCell.swift in Sources */,
				B078B4E51DC1844000473B87 /* MKRingProgressGroupResultsView.swift in Sources */,
				B078B4E71DC1845900473B87 /* MKRingProgressGroupVotingView.swift in Sources */,
				B078B5511DC18B1400473B87 /* PhotoLibraryViewController.swift in Sources */,
				B078B4DE1DC1838700473B87 /* MKGradientGenerator.swift in Sources */,
				B078B4F01DC1896300473B87 /* PollPictureCreateOptionOneViewController.swift in Sources */,
				B078B4DC1DC1836300473B87 /* MKRingProgressView.swift in Sources */,
				B078B4AC1DC1206500473B87 /* AppDelegate.swift in Sources */,
				B078B54A1DC18B1400473B87 /* UIViewExtensions.swift in Sources */,
				B078B54D1DC18B1400473B87 /* CameraViewController.swift in Sources */,
				B078B5471DC18B1400473B87 /* SingleImageFetcher.swift in Sources */,
				B078B5531DC18B1400473B87 /* CropOverlay.swift in Sources */,
				B078B5521DC18B1400473B87 /* CameraView.swift in Sources */,
				B078B4EA1DC185E400473B87 /* CreatePollViewController.swift in Sources */,
				B078B4E11DC183E700473B87 /* MKRingProgressGroupButton.swift in Sources */,
				B078B54C1DC18B1400473B87 /* VolumeControl.swift in Sources */,
				B078B5441DC18B1400473B87 /* CameraShot.swift in Sources */,
				B078B5451DC18B1400473B87 /* ImageFetcher.swift in Sources */,
				B078B5551DC18B1400473B87 /* PermissionsView.swift in Sources */,
				B078B5491DC18B1400473B87 /* UIButtonExtensions.swift in Sources */,
				B078B4E31DC1840B00473B87 /* MKRingProgressGroupView.swift in Sources */,
				B078B54B1DC18B1400473B87 /* Utilities.swift in Sources */,
				B078B54E1DC18B1400473B87 /* CameraViewControllerConstraint.swift in Sources */,
				B078B5431DC18B1400473B87 /* CameraGlobals.swift in Sources */,
			);
			runOnlyForDeploymentPostprocessing = 0;
		};
		B078B4B81DC1206600473B87 /* Sources */ = {
			isa = PBXSourcesBuildPhase;
			buildActionMask = 2147483647;
			files = (
				B078B4C11DC1206600473B87 /* protoTests.swift in Sources */,
			);
			runOnlyForDeploymentPostprocessing = 0;
		};
		B078B4C31DC1206600473B87 /* Sources */ = {
			isa = PBXSourcesBuildPhase;
			buildActionMask = 2147483647;
			files = (
				B078B4CC1DC1206600473B87 /* protoUITests.swift in Sources */,
			);
			runOnlyForDeploymentPostprocessing = 0;
		};
/* End PBXSourcesBuildPhase section */

/* Begin PBXTargetDependency section */
		B078B4BE1DC1206600473B87 /* PBXTargetDependency */ = {
			isa = PBXTargetDependency;
			target = B078B4A71DC1206500473B87 /* proto */;
			targetProxy = B078B4BD1DC1206600473B87 /* PBXContainerItemProxy */;
		};
		B078B4C91DC1206600473B87 /* PBXTargetDependency */ = {
			isa = PBXTargetDependency;
			target = B078B4A71DC1206500473B87 /* proto */;
			targetProxy = B078B4C81DC1206600473B87 /* PBXContainerItemProxy */;
		};
/* End PBXTargetDependency section */

/* Begin PBXVariantGroup section */
		B078B4AF1DC1206500473B87 /* Main.storyboard */ = {
			isa = PBXVariantGroup;
			children = (
				B078B4B01DC1206500473B87 /* Base */,
			);
			name = Main.storyboard;
			sourceTree = "<group>";
		};
		B078B4B41DC1206500473B87 /* LaunchScreen.storyboard */ = {
			isa = PBXVariantGroup;
			children = (
				B078B4B51DC1206500473B87 /* Base */,
			);
			name = LaunchScreen.storyboard;
			sourceTree = "<group>";
		};
/* End PBXVariantGroup section */

/* Begin XCBuildConfiguration section */
		B078B4CE1DC1206600473B87 /* Debug */ = {
			isa = XCBuildConfiguration;
			buildSettings = {
				ALWAYS_SEARCH_USER_PATHS = NO;
				CLANG_ANALYZER_NONNULL = YES;
				CLANG_CXX_LANGUAGE_STANDARD = "gnu++0x";
				CLANG_CXX_LIBRARY = "libc++";
				CLANG_ENABLE_MODULES = YES;
				CLANG_ENABLE_OBJC_ARC = YES;
				CLANG_WARN_BOOL_CONVERSION = YES;
				CLANG_WARN_CONSTANT_CONVERSION = YES;
				CLANG_WARN_DIRECT_OBJC_ISA_USAGE = YES_ERROR;
				CLANG_WARN_DOCUMENTATION_COMMENTS = YES;
				CLANG_WARN_EMPTY_BODY = YES;
				CLANG_WARN_ENUM_CONVERSION = YES;
				CLANG_WARN_INFINITE_RECURSION = YES;
				CLANG_WARN_INT_CONVERSION = YES;
				CLANG_WARN_OBJC_ROOT_CLASS = YES_ERROR;
				CLANG_WARN_SUSPICIOUS_MOVES = YES;
				CLANG_WARN_UNREACHABLE_CODE = YES;
				CLANG_WARN__DUPLICATE_METHOD_MATCH = YES;
				"CODE_SIGN_IDENTITY[sdk=iphoneos*]" = "iPhone Developer";
				COPY_PHASE_STRIP = NO;
				DEBUG_INFORMATION_FORMAT = dwarf;
				ENABLE_STRICT_OBJC_MSGSEND = YES;
				ENABLE_TESTABILITY = YES;
				GCC_C_LANGUAGE_STANDARD = gnu99;
				GCC_DYNAMIC_NO_PIC = NO;
				GCC_NO_COMMON_BLOCKS = YES;
				GCC_OPTIMIZATION_LEVEL = 0;
				GCC_PREPROCESSOR_DEFINITIONS = (
					"DEBUG=1",
					"$(inherited)",
				);
				GCC_WARN_64_TO_32_BIT_CONVERSION = YES;
				GCC_WARN_ABOUT_RETURN_TYPE = YES_ERROR;
				GCC_WARN_UNDECLARED_SELECTOR = YES;
				GCC_WARN_UNINITIALIZED_AUTOS = YES_AGGRESSIVE;
				GCC_WARN_UNUSED_FUNCTION = YES;
				GCC_WARN_UNUSED_VARIABLE = YES;
				IPHONEOS_DEPLOYMENT_TARGET = 10.0;
				MTL_ENABLE_DEBUG_INFO = YES;
				ONLY_ACTIVE_ARCH = YES;
				SDKROOT = iphoneos;
				SWIFT_ACTIVE_COMPILATION_CONDITIONS = DEBUG;
				SWIFT_OPTIMIZATION_LEVEL = "-Onone";
				TARGETED_DEVICE_FAMILY = "1,2";
			};
			name = Debug;
		};
		B078B4CF1DC1206600473B87 /* Release */ = {
			isa = XCBuildConfiguration;
			buildSettings = {
				ALWAYS_SEARCH_USER_PATHS = NO;
				CLANG_ANALYZER_NONNULL = YES;
				CLANG_CXX_LANGUAGE_STANDARD = "gnu++0x";
				CLANG_CXX_LIBRARY = "libc++";
				CLANG_ENABLE_MODULES = YES;
				CLANG_ENABLE_OBJC_ARC = YES;
				CLANG_WARN_BOOL_CONVERSION = YES;
				CLANG_WARN_CONSTANT_CONVERSION = YES;
				CLANG_WARN_DIRECT_OBJC_ISA_USAGE = YES_ERROR;
				CLANG_WARN_DOCUMENTATION_COMMENTS = YES;
				CLANG_WARN_EMPTY_BODY = YES;
				CLANG_WARN_ENUM_CONVERSION = YES;
				CLANG_WARN_INFINITE_RECURSION = YES;
				CLANG_WARN_INT_CONVERSION = YES;
				CLANG_WARN_OBJC_ROOT_CLASS = YES_ERROR;
				CLANG_WARN_SUSPICIOUS_MOVES = YES;
				CLANG_WARN_UNREACHABLE_CODE = YES;
				CLANG_WARN__DUPLICATE_METHOD_MATCH = YES;
				"CODE_SIGN_IDENTITY[sdk=iphoneos*]" = "iPhone Developer";
				COPY_PHASE_STRIP = NO;
				DEBUG_INFORMATION_FORMAT = "dwarf-with-dsym";
				ENABLE_NS_ASSERTIONS = NO;
				ENABLE_STRICT_OBJC_MSGSEND = YES;
				GCC_C_LANGUAGE_STANDARD = gnu99;
				GCC_NO_COMMON_BLOCKS = YES;
				GCC_WARN_64_TO_32_BIT_CONVERSION = YES;
				GCC_WARN_ABOUT_RETURN_TYPE = YES_ERROR;
				GCC_WARN_UNDECLARED_SELECTOR = YES;
				GCC_WARN_UNINITIALIZED_AUTOS = YES_AGGRESSIVE;
				GCC_WARN_UNUSED_FUNCTION = YES;
				GCC_WARN_UNUSED_VARIABLE = YES;
				IPHONEOS_DEPLOYMENT_TARGET = 10.0;
				MTL_ENABLE_DEBUG_INFO = NO;
				SDKROOT = iphoneos;
				SWIFT_OPTIMIZATION_LEVEL = "-Owholemodule";
				TARGETED_DEVICE_FAMILY = "1,2";
				VALIDATE_PRODUCT = YES;
			};
			name = Release;
		};
		B078B4D11DC1206600473B87 /* Debug */ = {
			isa = XCBuildConfiguration;
			baseConfigurationReference = BFB77ADF2EDB8E861BBCC549 /* Pods-proto.debug.xcconfig */;
			buildSettings = {
				ASSETCATALOG_COMPILER_APPICON_NAME = AppIcon;
				DEVELOPMENT_TEAM = 9L49SS68XP;
				INFOPLIST_FILE = proto/Info.plist;
				LD_RUNPATH_SEARCH_PATHS = "$(inherited) @executable_path/Frameworks";
				PRODUCT_BUNDLE_IDENTIFIER = com.thexande.proto;
				PRODUCT_NAME = "$(TARGET_NAME)";
				SWIFT_VERSION = 3.0;
			};
			name = Debug;
		};
		B078B4D21DC1206600473B87 /* Release */ = {
			isa = XCBuildConfiguration;
			baseConfigurationReference = FCFEA23834FF03A987B9C739 /* Pods-proto.release.xcconfig */;
			buildSettings = {
				ASSETCATALOG_COMPILER_APPICON_NAME = AppIcon;
				DEVELOPMENT_TEAM = 9L49SS68XP;
				INFOPLIST_FILE = proto/Info.plist;
				LD_RUNPATH_SEARCH_PATHS = "$(inherited) @executable_path/Frameworks";
				PRODUCT_BUNDLE_IDENTIFIER = com.thexande.proto;
				PRODUCT_NAME = "$(TARGET_NAME)";
				SWIFT_VERSION = 3.0;
			};
			name = Release;
		};
		B078B4D41DC1206600473B87 /* Debug */ = {
			isa = XCBuildConfiguration;
			baseConfigurationReference = 181EBA366D14A1BC7C83B927 /* Pods-protoTests.debug.xcconfig */;
			buildSettings = {
				ALWAYS_EMBED_SWIFT_STANDARD_LIBRARIES = YES;
				BUNDLE_LOADER = "$(TEST_HOST)";
				DEVELOPMENT_TEAM = 9L49SS68XP;
				INFOPLIST_FILE = protoTests/Info.plist;
				LD_RUNPATH_SEARCH_PATHS = "$(inherited) @executable_path/Frameworks @loader_path/Frameworks";
				PRODUCT_BUNDLE_IDENTIFIER = com.thexande.protoTests;
				PRODUCT_NAME = "$(TARGET_NAME)";
				SWIFT_VERSION = 3.0;
				TEST_HOST = "$(BUILT_PRODUCTS_DIR)/proto.app/proto";
			};
			name = Debug;
		};
		B078B4D51DC1206600473B87 /* Release */ = {
			isa = XCBuildConfiguration;
			baseConfigurationReference = 71B78FD56ECA4A52421D5BFB /* Pods-protoTests.release.xcconfig */;
			buildSettings = {
				ALWAYS_EMBED_SWIFT_STANDARD_LIBRARIES = YES;
				BUNDLE_LOADER = "$(TEST_HOST)";
				DEVELOPMENT_TEAM = 9L49SS68XP;
				INFOPLIST_FILE = protoTests/Info.plist;
				LD_RUNPATH_SEARCH_PATHS = "$(inherited) @executable_path/Frameworks @loader_path/Frameworks";
				PRODUCT_BUNDLE_IDENTIFIER = com.thexande.protoTests;
				PRODUCT_NAME = "$(TARGET_NAME)";
				SWIFT_VERSION = 3.0;
				TEST_HOST = "$(BUILT_PRODUCTS_DIR)/proto.app/proto";
			};
			name = Release;
		};
		B078B4D71DC1206600473B87 /* Debug */ = {
			isa = XCBuildConfiguration;
			baseConfigurationReference = 7FD3278100803BA6B703B6B7 /* Pods-protoUITests.debug.xcconfig */;
			buildSettings = {
				ALWAYS_EMBED_SWIFT_STANDARD_LIBRARIES = YES;
				DEVELOPMENT_TEAM = 9L49SS68XP;
				INFOPLIST_FILE = protoUITests/Info.plist;
				LD_RUNPATH_SEARCH_PATHS = "$(inherited) @executable_path/Frameworks @loader_path/Frameworks";
				PRODUCT_BUNDLE_IDENTIFIER = com.thexande.protoUITests;
				PRODUCT_NAME = "$(TARGET_NAME)";
				SWIFT_VERSION = 3.0;
				TEST_TARGET_NAME = proto;
			};
			name = Debug;
		};
		B078B4D81DC1206600473B87 /* Release */ = {
			isa = XCBuildConfiguration;
			baseConfigurationReference = 83D1BDB3A6BE216D0FCAFA67 /* Pods-protoUITests.release.xcconfig */;
			buildSettings = {
				ALWAYS_EMBED_SWIFT_STANDARD_LIBRARIES = YES;
				DEVELOPMENT_TEAM = 9L49SS68XP;
				INFOPLIST_FILE = protoUITests/Info.plist;
				LD_RUNPATH_SEARCH_PATHS = "$(inherited) @executable_path/Frameworks @loader_path/Frameworks";
				PRODUCT_BUNDLE_IDENTIFIER = com.thexande.protoUITests;
				PRODUCT_NAME = "$(TARGET_NAME)";
				SWIFT_VERSION = 3.0;
				TEST_TARGET_NAME = proto;
			};
			name = Release;
		};
/* End XCBuildConfiguration section */

/* Begin XCConfigurationList section */
		B078B4A31DC1206500473B87 /* Build configuration list for PBXProject "proto" */ = {
			isa = XCConfigurationList;
			buildConfigurations = (
				B078B4CE1DC1206600473B87 /* Debug */,
				B078B4CF1DC1206600473B87 /* Release */,
			);
			defaultConfigurationIsVisible = 0;
			defaultConfigurationName = Release;
		};
		B078B4D01DC1206600473B87 /* Build configuration list for PBXNativeTarget "proto" */ = {
			isa = XCConfigurationList;
			buildConfigurations = (
				B078B4D11DC1206600473B87 /* Debug */,
				B078B4D21DC1206600473B87 /* Release */,
			);
			defaultConfigurationIsVisible = 0;
			defaultConfigurationName = Release;
		};
		B078B4D31DC1206600473B87 /* Build configuration list for PBXNativeTarget "protoTests" */ = {
			isa = XCConfigurationList;
			buildConfigurations = (
				B078B4D41DC1206600473B87 /* Debug */,
				B078B4D51DC1206600473B87 /* Release */,
			);
			defaultConfigurationIsVisible = 0;
			defaultConfigurationName = Release;
		};
		B078B4D61DC1206600473B87 /* Build configuration list for PBXNativeTarget "protoUITests" */ = {
			isa = XCConfigurationList;
			buildConfigurations = (
				B078B4D71DC1206600473B87 /* Debug */,
				B078B4D81DC1206600473B87 /* Release */,
			);
			defaultConfigurationIsVisible = 0;
			defaultConfigurationName = Release;
		};
/* End XCConfigurationList section */
	};
	rootObject = B078B4A01DC1206500473B87 /* Project object */;
}
